
Microsoft Visual Studio Solution File, Format Version 12.00
# Visual Studio Version 16
VisualStudioVersion = 16.0.29102.190
MinimumVisualStudioVersion = 10.0.40219.1
Project("{9A19103F-16F7-4668-BE54-9A1E7A4F7556}") = "Biaui", "Biaui\Biaui.csproj", "{242505BF-A389-4A70-ACBF-27A2DEBB5E70}"
EndProject
Project("{9A19103F-16F7-4668-BE54-9A1E7A4F7556}") = "Biaui.Extension", "Biaui.Extension\Biaui.Extension.csproj", "{814DF7DE-879A-4375-B42F-559AB0A1730C}"
EndProject
Project("{9A19103F-16F7-4668-BE54-9A1E7A4F7556}") = "Biaui.Showcase", "Biaui.Showcase\Biaui.Showcase.csproj", "{6E37C028-A7B4-4BC6-97ED-2DC055F77BEE}"
EndProject
Project("{9A19103F-16F7-4668-BE54-9A1E7A4F7556}") = "Biaui.Controls.Mock", "Biaui.Controls.Mock\Biaui.Controls.Mock.csproj", "{3E71EEBB-C868-48D4-9282-EA990B9EF772}"
EndProject
Project("{9A19103F-16F7-4668-BE54-9A1E7A4F7556}") = "Biaui.Controls.Mock.Foundation", "Biaui.Controls.Mock.Foundation\Biaui.Controls.Mock.Foundation.csproj", "{269E844D-4581-49EF-A6BA-F6ED62070BCB}"
EndProject
Global
	GlobalSection(SolutionConfigurationPlatforms) = preSolution
		Debug|Any CPU = Debug|Any CPU
		Release|Any CPU = Release|Any CPU
	EndGlobalSection
	GlobalSection(ProjectConfigurationPlatforms) = postSolution
		{242505BF-A389-4A70-ACBF-27A2DEBB5E70}.Debug|Any CPU.ActiveCfg = Debug|Any CPU
		{242505BF-A389-4A70-ACBF-27A2DEBB5E70}.Debug|Any CPU.Build.0 = Debug|Any CPU
		{242505BF-A389-4A70-ACBF-27A2DEBB5E70}.Release|Any CPU.ActiveCfg = Release|Any CPU
		{242505BF-A389-4A70-ACBF-27A2DEBB5E70}.Release|Any CPU.Build.0 = Release|Any CPU
		{814DF7DE-879A-4375-B42F-559AB0A1730C}.Debug|Any CPU.ActiveCfg = Debug|Any CPU
		{814DF7DE-879A-4375-B42F-559AB0A1730C}.Debug|Any CPU.Build.0 = Debug|Any CPU
		{814DF7DE-879A-4375-B42F-559AB0A1730C}.Release|Any CPU.ActiveCfg = Release|Any CPU
		{814DF7DE-879A-4375-B42F-559AB0A1730C}.Release|Any CPU.Build.0 = Release|Any CPU
		{6E37C028-A7B4-4BC6-97ED-2DC055F77BEE}.Debug|Any CPU.ActiveCfg = Debug|Any CPU
		{6E37C028-A7B4-4BC6-97ED-2DC055F77BEE}.Debug|Any CPU.Build.0 = Debug|Any CPU
		{6E37C028-A7B4-4BC6-97ED-2DC055F77BEE}.Release|Any CPU.ActiveCfg = Release|Any CPU
		{6E37C028-A7B4-4BC6-97ED-2DC055F77BEE}.Release|Any CPU.Build.0 = Release|Any CPU
		{3E71EEBB-C868-48D4-9282-EA990B9EF772}.Debug|Any CPU.ActiveCfg = Debug|Any CPU
		{3E71EEBB-C868-48D4-9282-EA990B9EF772}.Debug|Any CPU.Build.0 = Debug|Any CPU
		{3E71EEBB-C868-48D4-9282-EA990B9EF772}.Release|Any CPU.ActiveCfg = Release|Any CPU
		{3E71EEBB-C868-48D4-9282-EA990B9EF772}.Release|Any CPU.Build.0 = Release|Any CPU
		{269E844D-4581-49EF-A6BA-F6ED62070BCB}.Debug|Any CPU.ActiveCfg = Debug|Any CPU
		{269E844D-4581-49EF-A6BA-F6ED62070BCB}.Debug|Any CPU.Build.0 = Debug|Any CPU
		{269E844D-4581-49EF-A6BA-F6ED62070BCB}.Release|Any CPU.ActiveCfg = Release|Any CPU
		{269E844D-4581-49EF-A6BA-F6ED62070BCB}.Release|Any CPU.Build.0 = Release|Any CPU
	EndGlobalSection
	GlobalSection(SolutionProperties) = preSolution
		HideSolutionNode = FALSE
	EndGlobalSection
	GlobalSection(ExtensibilityGlobals) = postSolution
		SolutionGuid = {0C51F622-779E-4415-B8F2-198ECFC34C66}
	EndGlobalSection
EndGlobal
